PODS:
  - activity_recognition_flutter (0.0.1):
    - Flutter
  - Flutter (1.0.0)
  - "permission_handler (5.1.0+2)":
    - Flutter
  - share_plus (0.0.1):
    - Flutter
  - url_launcher (0.0.1):
    - Flutter

DEPENDENCIES:
  - activity_recognition_flutter (from `.symlinks/plugins/activity_recognition_flutter/ios`)
  - Flutter (from `Flutter`)
  - permission_handler (from `.symlinks/plugins/permission_handler/ios`)
  - share_plus (from `.symlinks/plugins/share_plus/ios`)
  - url_launcher (from `.symlinks/plugins/url_launcher/ios`)

EXTERNAL SOURCES:
  activity_recognition_flutter:
    :path: ".symlinks/plugins/activity_recognition_flutter/ios"
  Flutter:
    :path: Flutter
  permission_handler:
    :path: ".symlinks/plugins/permission_handler/ios"
  share_plus:
    :path: ".symlinks/plugins/share_plus/ios"
  url_launcher:
    :path: ".symlinks/plugins/url_launcher/ios"

SPEC CHECKSUMS:
  activity_recognition_flutter: fd735b9927d94b9a7c1165cc9b2e430034d8e230
  Flutter: 434fef37c0980e73bb6479ef766c45957d4b510c
  permission_handler: ccb20a9fad0ee9b1314a52b70b76b473c5f8dab0
  share_plus: 056a1e8ac890df3e33cb503afffaf1e9b4fbae68
  url_launcher: 6fef411d543ceb26efce54b05a0a40bfd74cbbef

PODFILE CHECKSUM: aafe91acc616949ddb318b77800a7f51bffa2a4c

COCOAPODS: 1.11.0.rc.1
